// !$*UTF8*$!
{
	archiveVersion = 1;
	classes = {
	};
	objectVersion = 56;
	objects = {

/* Begin PBXBuildFile section */
		ED08E13F2C08789000267A47 /* kidomoApp.swift in Sources */ = {isa = PBXBuildFile; fileRef = ED08E13E2C08789000267A47 /* kidomoApp.swift */; };
		ED08E1412C08789000267A47 /* ContentView.swift in Sources */ = {isa = PBXBuildFile; fileRef = ED08E1402C08789000267A47 /* ContentView.swift */; };
		ED08E1432C08789100267A47 /* Assets.xcassets in Resources */ = {isa = PBXBuildFile; fileRef = ED08E1422C08789100267A47 /* Assets.xcassets */; };
		ED08E1462C08789100267A47 /* Preview Assets.xcassets in Resources */ = {isa = PBXBuildFile; fileRef = ED08E1452C08789100267A47 /* Preview Assets.xcassets */; };
		ED08E14D2C087CCE00267A47 /* SecondView.swift in Sources */ = {isa = PBXBuildFile; fileRef = ED08E14C2C087CCE00267A47 /* SecondView.swift */; };
		ED08E1502C087E2900267A47 /* WebViewController.xib in Resources */ = {isa = PBXBuildFile; fileRef = ED08E14F2C087E2900267A47 /* WebViewController.xib */; };
		ED08E1512C087E2900267A47 /* WebViewController.swift in Sources */ = {isa = PBXBuildFile; fileRef = ED08E14E2C087E2900267A47 /* WebViewController.swift */; };
		ED08E1552C08994F00267A47 /* navigation.html in Resources */ = {isa = PBXBuildFile; fileRef = ED08E1542C08994F00267A47 /* navigation.html */; };
		ED3601A42C099AAA00FF86C4 /* ImagePickerHelp.swift in Sources */ = {isa = PBXBuildFile; fileRef = ED3601A32C099AAA00FF86C4 /* ImagePickerHelp.swift */; };
		ED3601A62C09A31C00FF86C4 /* LocationHelp.swift in Sources */ = {isa = PBXBuildFile; fileRef = ED3601A52C09A31C00FF86C4 /* LocationHelp.swift */; };
		ED3601AC2C09BBF900FF86C4 /* GoogleService-Info.plist in Resources */ = {isa = PBXBuildFile; fileRef = ED3601AB2C09BBF800FF86C4 /* GoogleService-Info.plist */; };
		ED3601AF2C09BCBB00FF86C4 /* FirebaseMessaging in Frameworks */ = {isa = PBXBuildFile; productRef = ED3601AE2C09BCBB00FF86C4 /* FirebaseMessaging */; };
/* End PBXBuildFile section */

/* Begin PBXFileReference section */
		ED08E13B2C08789000267A47 /* kidomo.app */ = {isa = PBXFileReference; explicitFileType = wrapper.application; includeInIndex = 0; path = kidomo.app; sourceTree = BUILT_PRODUCTS_DIR; };
		ED08E13E2C08789000267A47 /* kidomoApp.swift */ = {isa = PBXFileReference; lastKnownFileType = sourcecode.swift; path = kidomoApp.swift; sourceTree = "<group>"; };
		ED08E1402C08789000267A47 /* ContentView.swift */ = {isa = PBXFileReference; lastKnownFileType = sourcecode.swift; path = ContentView.swift; sourceTree = "<group>"; };
		ED08E1422C08789100267A47 /* Assets.xcassets */ = {isa = PBXFileReference; lastKnownFileType = folder.assetcatalog; path = Assets.xcassets; sourceTree = "<group>"; };
		ED08E1452C08789100267A47 /* Preview Assets.xcassets */ = {isa = PBXFileReference; lastKnownFileType = folder.assetcatalog; path = "Preview Assets.xcassets"; sourceTree = "<group>"; };
		ED08E14C2C087CCE00267A47 /* SecondView.swift */ = {isa = PBXFileReference; lastKnownFileType = sourcecode.swift; path = SecondView.swift; sourceTree = "<group>"; };
		ED08E14E2C087E2900267A47 /* WebViewController.swift */ = {isa = PBXFileReference; lastKnownFileType = sourcecode.swift; path = WebViewController.swift; sourceTree = "<group>"; };
		ED08E14F2C087E2900267A47 /* WebViewController.xib */ = {isa = PBXFileReference; lastKnownFileType = file.xib; path = WebViewController.xib; sourceTree = "<group>"; };
		ED08E1542C08994F00267A47 /* navigation.html */ = {isa = PBXFileReference; lastKnownFileType = text.html; path = navigation.html; sourceTree = "<group>"; };
		ED08E15A2C08B3CE00267A47 /* Info.plist */ = {isa = PBXFileReference; lastKnownFileType = text.plist; path = Info.plist; sourceTree = "<group>"; };
		ED3601A32C099AAA00FF86C4 /* ImagePickerHelp.swift */ = {isa = PBXFileReference; lastKnownFileType = sourcecode.swift; path = ImagePickerHelp.swift; sourceTree = "<group>"; };
		ED3601A52C09A31C00FF86C4 /* LocationHelp.swift */ = {isa = PBXFileReference; lastKnownFileType = sourcecode.swift; path = LocationHelp.swift; sourceTree = "<group>"; };
		ED3601AB2C09BBF800FF86C4 /* GoogleService-Info.plist */ = {isa = PBXFileReference; fileEncoding = 4; lastKnownFileType = text.plist.xml; path = "GoogleService-Info.plist"; sourceTree = "<group>"; };
		ED3601B02C09BD2200FF86C4 /* kidomo.entitlements */ = {isa = PBXFileReference; lastKnownFileType = text.plist.entitlements; path = kidomo.entitlements; sourceTree = "<group>"; };
/* End PBXFileReference section */

/* Begin PBXFrameworksBuildPhase section */
		ED08E1382C08789000267A47 /* Frameworks */ = {
			isa = PBXFrameworksBuildPhase;
			buildActionMask = 2147483647;
			files = (
				ED3601AF2C09BCBB00FF86C4 /* FirebaseMessaging in Frameworks */,
			);
			runOnlyForDeploymentPostprocessing = 0;
		};
/* End PBXFrameworksBuildPhase section */

/* Begin PBXGroup section */
		ED08E1322C08789000267A47 = {
			isa = PBXGroup;
			children = (
				ED08E13D2C08789000267A47 /* kidomo */,
				ED08E13C2C08789000267A47 /* Products */,
			);
			sourceTree = "<group>";
		};
		ED08E13C2C08789000267A47 /* Products */ = {
			isa = PBXGroup;
			children = (
				ED08E13B2C08789000267A47 /* kidomo.app */,
			);
			name = Products;
			sourceTree = "<group>";
		};
		ED08E13D2C08789000267A47 /* kidomo */ = {
			isa = PBXGroup;
			children = (
				ED3601B02C09BD2200FF86C4 /* kidomo.entitlements */,
				ED08E15A2C08B3CE00267A47 /* Info.plist */,
				ED08E13E2C08789000267A47 /* kidomoApp.swift */,
				ED08E1402C08789000267A47 /* ContentView.swift */,
				ED08E14C2C087CCE00267A47 /* SecondView.swift */,
				ED08E14E2C087E2900267A47 /* WebViewController.swift */,
				ED08E14F2C087E2900267A47 /* WebViewController.xib */,
				ED3601A32C099AAA00FF86C4 /* ImagePickerHelp.swift */,
				ED3601A52C09A31C00FF86C4 /* LocationHelp.swift */,
				ED08E1542C08994F00267A47 /* navigation.html */,
				ED3601AB2C09BBF800FF86C4 /* GoogleService-Info.plist */,
				ED08E1422C08789100267A47 /* Assets.xcassets */,
				ED08E1442C08789100267A47 /* Preview Content */,
			);
			path = kidomo;
			sourceTree = "<group>";
		};
		ED08E1442C08789100267A47 /* Preview Content */ = {
			isa = PBXGroup;
			children = (
				ED08E1452C08789100267A47 /* Preview Assets.xcassets */,
			);
			path = "Preview Content";
			sourceTree = "<group>";
		};
/* End PBXGroup section */

/* Begin PBXNativeTarget section */
		ED08E13A2C08789000267A47 /* kidomo */ = {
			isa = PBXNativeTarget;
			buildConfigurationList = ED08E1492C08789100267A47 /* Build configuration list for PBXNativeTarget "kidomo" */;
			buildPhases = (
				ED08E1372C08789000267A47 /* Sources */,
				ED08E1382C08789000267A47 /* Frameworks */,
				ED08E1392C08789000267A47 /* Resources */,
			);
			buildRules = (
			);
			dependencies = (
			);
			name = kidomo;
			packageProductDependencies = (
				ED3601AE2C09BCBB00FF86C4 /* FirebaseMessaging */,
			);
			productName = kidomo;
			productReference = ED08E13B2C08789000267A47 /* kidomo.app */;
			productType = "com.apple.product-type.application";
		};
/* End PBXNativeTarget section */

/* Begin PBXProject section */
		ED08E1332C08789000267A47 /* Project object */ = {
			isa = PBXProject;
			attributes = {
				BuildIndependentTargetsInParallel = 1;
				LastSwiftUpdateCheck = 1540;
				LastUpgradeCheck = 1540;
				TargetAttributes = {
					ED08E13A2C08789000267A47 = {
						CreatedOnToolsVersion = 15.4;
					};
				};
			};
			buildConfigurationList = ED08E1362C08789000267A47 /* Build configuration list for PBXProject "kidomo" */;
			compatibilityVersion = "Xcode 14.0";
			developmentRegion = en;
			hasScannedForEncodings = 0;
			knownRegions = (
				en,
				Base,
			);
			mainGroup = ED08E1322C08789000267A47;
			packageReferences = (
				ED3601AD2C09BCBB00FF86C4 /* XCRemoteSwiftPackageReference "firebase-ios-sdk" */,
			);
			productRefGroup = ED08E13C2C08789000267A47 /* Products */;
			projectDirPath = "";
			projectRoot = "";
			targets = (
				ED08E13A2C08789000267A47 /* kidomo */,
			);
		};
/* End PBXProject section */

/* Begin PBXResourcesBuildPhase section */
		ED08E1392C08789000267A47 /* Resources */ = {
			isa = PBXResourcesBuildPhase;
			buildActionMask = 2147483647;
			files = (
				ED08E1502C087E2900267A47 /* WebViewController.xib in Resources */,
				ED08E1552C08994F00267A47 /* navigation.html in Resources */,
				ED3601AC2C09BBF900FF86C4 /* GoogleService-Info.plist in Resources */,
				ED08E1462C08789100267A47 /* Preview Assets.xcassets in Resources */,
				ED08E1432C08789100267A47 /* Assets.xcassets in Resources */,
			);
			runOnlyForDeploymentPostprocessing = 0;
		};
/* End PBXResourcesBuildPhase section */

/* Begin PBXSourcesBuildPhase section */
		ED08E1372C08789000267A47 /* Sources */ = {
			isa = PBXSourcesBuildPhase;
			buildActionMask = 2147483647;
			files = (
				ED08E14D2C087CCE00267A47 /* SecondView.swift in Sources */,
				ED3601A42C099AAA00FF86C4 /* ImagePickerHelp.swift in Sources */,
				ED08E1412C08789000267A47 /* ContentView.swift in Sources */,
				ED3601A62C09A31C00FF86C4 /* LocationHelp.swift in Sources */,
				ED08E13F2C08789000267A47 /* kidomoApp.swift in Sources */,
				ED08E1512C087E2900267A47 /* WebViewController.swift in Sources */,
			);
			runOnlyForDeploymentPostprocessing = 0;
		};
/* End PBXSourcesBuildPhase section */

/* Begin XCBuildConfiguration section */
		ED08E1472C08789100267A47 /* Debug */ = {
			isa = XCBuildConfiguration;
			buildSettings = {
				ALWAYS_SEARCH_USER_PATHS = NO;
				ASSETCATALOG_COMPILER_GENERATE_SWIFT_ASSET_SYMBOL_EXTENSIONS = YES;
				CLANG_ANALYZER_NONNULL = YES;
				CLANG_ANALYZER_NUMBER_OBJECT_CONVERSION = YES_AGGRESSIVE;
				CLANG_CXX_LANGUAGE_STANDARD = "gnu++20";
				CLANG_ENABLE_MODULES = YES;
				CLANG_ENABLE_OBJC_ARC = YES;
				CLANG_ENABLE_OBJC_WEAK = YES;
				CLANG_WARN_BLOCK_CAPTURE_AUTORELEASING = YES;
				CLANG_WARN_BOOL_CONVERSION = YES;
				CLANG_WARN_COMMA = YES;
				CLANG_WARN_CONSTANT_CONVERSION = YES;
				CLANG_WARN_DEPRECATED_OBJC_IMPLEMENTATIONS = YES;
				CLANG_WARN_DIRECT_OBJC_ISA_USAGE = YES_ERROR;
				CLANG_WARN_DOCUMENTATION_COMMENTS = YES;
				CLANG_WARN_EMPTY_BODY = YES;
				CLANG_WARN_ENUM_CONVERSION = YES;
				CLANG_WARN_INFINITE_RECURSION = YES;
				CLANG_WARN_INT_CONVERSION = YES;
				CLANG_WARN_NON_LITERAL_NULL_CONVERSION = YES;
				CLANG_WARN_OBJC_IMPLICIT_RETAIN_SELF = YES;
				CLANG_WARN_OBJC_LITERAL_CONVERSION = YES;
				CLANG_WARN_OBJC_ROOT_CLASS = YES_ERROR;
				CLANG_WARN_QUOTED_INCLUDE_IN_FRAMEWORK_HEADER = YES;
				CLANG_WARN_RANGE_LOOP_ANALYSIS = YES;
				CLANG_WARN_STRICT_PROTOTYPES = YES;
				CLANG_WARN_SUSPICIOUS_MOVE = YES;
				CLANG_WARN_UNGUARDED_AVAILABILITY = YES_AGGRESSIVE;
				CLANG_WARN_UNREACHABLE_CODE = YES;
				CLANG_WARN__DUPLICATE_METHOD_MATCH = YES;
				COPY_PHASE_STRIP = NO;
				DEBUG_INFORMATION_FORMAT = dwarf;
				ENABLE_STRICT_OBJC_MSGSEND = YES;
				ENABLE_TESTABILITY = YES;
				ENABLE_USER_SCRIPT_SANDBOXING = YES;
				GCC_C_LANGUAGE_STANDARD = gnu17;
				GCC_DYNAMIC_NO_PIC = NO;
				GCC_NO_COMMON_BLOCKS = YES;
				GCC_OPTIMIZATION_LEVEL = 0;
				GCC_PREPROCESSOR_DEFINITIONS = (
					"DEBUG=1",
					"$(inherited)",
				);
				GCC_WARN_64_TO_32_BIT_CONVERSION = YES;
				GCC_WARN_ABOUT_RETURN_TYPE = YES_ERROR;
				GCC_WARN_UNDECLARED_SELECTOR = YES;
				GCC_WARN_UNINITIALIZED_AUTOS = YES_AGGRESSIVE;
				GCC_WARN_UNUSED_FUNCTION = YES;
				GCC_WARN_UNUSED_VARIABLE = YES;
				IPHONEOS_DEPLOYMENT_TARGET = 17.5;
				LOCALIZATION_PREFERS_STRING_CATALOGS = YES;
				MTL_ENABLE_DEBUG_INFO = INCLUDE_SOURCE;
				MTL_FAST_MATH = YES;
				ONLY_ACTIVE_ARCH = YES;
				SDKROOT = iphoneos;
				SWIFT_ACTIVE_COMPILATION_CONDITIONS = "DEBUG $(inherited)";
				SWIFT_OPTIMIZATION_LEVEL = "-Onone";
			};
			name = Debug;
		};
		ED08E1482C08789100267A47 /* Release */ = {
			isa = XCBuildConfiguration;
			buildSettings = {
				ALWAYS_SEARCH_USER_PATHS = NO;
				ASSETCATALOG_COMPILER_GENERATE_SWIFT_ASSET_SYMBOL_EXTENSIONS = YES;
				CLANG_ANALYZER_NONNULL = YES;
				CLANG_ANALYZER_NUMBER_OBJECT_CONVERSION = YES_AGGRESSIVE;
				CLANG_CXX_LANGUAGE_STANDARD = "gnu++20";
				CLANG_ENABLE_MODULES = YES;
				CLANG_ENABLE_OBJC_ARC = YES;
				CLANG_ENABLE_OBJC_WEAK = YES;
				CLANG_WARN_BLOCK_CAPTURE_AUTORELEASING = YES;
				CLANG_WARN_BOOL_CONVERSION = YES;
				CLANG_WARN_COMMA = YES;
				CLANG_WARN_CONSTANT_CONVERSION = YES;
				CLANG_WARN_DEPRECATED_OBJC_IMPLEMENTATIONS = YES;
				CLANG_WARN_DIRECT_OBJC_ISA_USAGE = YES_ERROR;
				CLANG_WARN_DOCUMENTATION_COMMENTS = YES;
				CLANG_WARN_EMPTY_BODY = YES;
				CLANG_WARN_ENUM_CONVERSION = YES;
				CLANG_WARN_INFINITE_RECURSION = YES;
				CLANG_WARN_INT_CONVERSION = YES;
				CLANG_WARN_NON_LITERAL_NULL_CONVERSION = YES;
				CLANG_WARN_OBJC_IMPLICIT_RETAIN_SELF = YES;
				CLANG_WARN_OBJC_LITERAL_CONVERSION = YES;
				CLANG_WARN_OBJC_ROOT_CLASS = YES_ERROR;
				CLANG_WARN_QUOTED_INCLUDE_IN_FRAMEWORK_HEADER = YES;
				CLANG_WARN_RANGE_LOOP_ANALYSIS = YES;
				CLANG_WARN_STRICT_PROTOTYPES = YES;
				CLANG_WARN_SUSPICIOUS_MOVE = YES;
				CLANG_WARN_UNGUARDED_AVAILABILITY = YES_AGGRESSIVE;
				CLANG_WARN_UNREACHABLE_CODE = YES;
				CLANG_WARN__DUPLICATE_METHOD_MATCH = YES;
				COPY_PHASE_STRIP = NO;
				DEBUG_INFORMATION_FORMAT = "dwarf-with-dsym";
				ENABLE_NS_ASSERTIONS = NO;
				ENABLE_STRICT_OBJC_MSGSEND = YES;
				ENABLE_USER_SCRIPT_SANDBOXING = YES;
				GCC_C_LANGUAGE_STANDARD = gnu17;
				GCC_NO_COMMON_BLOCKS = YES;
				GCC_WARN_64_TO_32_BIT_CONVERSION = YES;
				GCC_WARN_ABOUT_RETURN_TYPE = YES_ERROR;
				GCC_WARN_UNDECLARED_SELECTOR = YES;
				GCC_WARN_UNINITIALIZED_AUTOS = YES_AGGRESSIVE;
				GCC_WARN_UNUSED_FUNCTION = YES;
				GCC_WARN_UNUSED_VARIABLE = YES;
				IPHONEOS_DEPLOYMENT_TARGET = 17.5;
				LOCALIZATION_PREFERS_STRING_CATALOGS = YES;
				MTL_ENABLE_DEBUG_INFO = NO;
				MTL_FAST_MATH = YES;
				SDKROOT = iphoneos;
				SWIFT_COMPILATION_MODE = wholemodule;
				VALIDATE_PRODUCT = YES;
			};
			name = Release;
		};
		ED08E14A2C08789100267A47 /* Debug */ = {
			isa = XCBuildConfiguration;
			buildSettings = {
				ASSETCATALOG_COMPILER_APPICON_NAME = AppIcon;
				ASSETCATALOG_COMPILER_GLOBAL_ACCENT_COLOR_NAME = AccentColor;
				CODE_SIGN_ENTITLEMENTS = kidomo/kidomo.entitlements;
				CODE_SIGN_STYLE = Automatic;
				CURRENT_PROJECT_VERSION = 1;
				DEVELOPMENT_ASSET_PATHS = "\"kidomo/Preview Content\"";
				DEVELOPMENT_TEAM = BRVVVLG5ZB;
				ENABLE_PREVIEWS = YES;
				GENERATE_INFOPLIST_FILE = YES;
				INFOPLIST_FILE = kidomo/Info.plist;
				INFOPLIST_KEY_NSCameraUsageDescription = "The application needs the camera permission in order to take pictures.";
				INFOPLIST_KEY_NSLocationAlwaysAndWhenInUseUsageDescription = "This app need your location to provide best feature based on location";
				INFOPLIST_KEY_NSLocationAlwaysUsageDescription = "This app need your location to provide best feature based on location";
				INFOPLIST_KEY_NSLocationWhenInUseUsageDescription = "This app need your location to provide best feature based on location";
				INFOPLIST_KEY_NSPhotoLibraryUsageDescription = "";
				INFOPLIST_KEY_UIApplicationSceneManifest_Generation = YES;
				INFOPLIST_KEY_UIApplicationSupportsIndirectInputEvents = YES;
				INFOPLIST_KEY_UILaunchScreen_Generation = YES;
				INFOPLIST_KEY_UISupportedInterfaceOrientations_iPad = "UIInterfaceOrientationPortrait UIInterfaceOrientationPortraitUpsideDown UIInterfaceOrientationLandscapeLeft UIInterfaceOrientationLandscapeRight";
				INFOPLIST_KEY_UISupportedInterfaceOrientations_iPhone = "UIInterfaceOrientationPortrait UIInterfaceOrientationLandscapeLeft UIInterfaceOrientationLandscapeRight";
				LD_RUNPATH_SEARCH_PATHS = (
					"$(inherited)",
					"@executable_path/Frameworks",
				);
				MARKETING_VERSION = 1.0;
				PRODUCT_BUNDLE_IDENTIFIER = com.cosine.kidomo;
				PRODUCT_NAME = "$(TARGET_NAME)";
				SWIFT_EMIT_LOC_STRINGS = YES;
				SWIFT_VERSION = 5.0;
				TARGETED_DEVICE_FAMILY = "1,2";
			};
			name = Debug;
		};
		ED08E14B2C08789100267A47 /* Release */ = {
			isa = XCBuildConfiguration;
			buildSettings = {
				ASSETCATALOG_COMPILER_APPICON_NAME = AppIcon;
				ASSETCATALOG_COMPILER_GLOBAL_ACCENT_COLOR_NAME = AccentColor;
				CODE_SIGN_ENTITLEMENTS = kidomo/kidomo.entitlements;
				CODE_SIGN_STYLE = Automatic;
				CURRENT_PROJECT_VERSION = 1;
				DEVELOPMENT_ASSET_PATHS = "\"kidomo/Preview Content\"";
				DEVELOPMENT_TEAM = BRVVVLG5ZB;
				ENABLE_PREVIEWS = YES;
				GENERATE_INFOPLIST_FILE = YES;
				INFOPLIST_FILE = kidomo/Info.plist;
				INFOPLIST_KEY_NSCameraUsageDescription = "The application needs the camera permission in order to take pictures.";
				INFOPLIST_KEY_NSLocationAlwaysAndWhenInUseUsageDescription = "This app need your location to provide best feature based on location";
				INFOPLIST_KEY_NSLocationAlwaysUsageDescription = "This app need your location to provide best feature based on location";
				INFOPLIST_KEY_NSLocationWhenInUseUsageDescription = "This app need your location to provide best feature based on location";
				INFOPLIST_KEY_NSPhotoLibraryUsageDescription = "";
				INFOPLIST_KEY_UIApplicationSceneManifest_Generation = YES;
				INFOPLIST_KEY_UIApplicationSupportsIndirectInputEvents = YES;
				INFOPLIST_KEY_UILaunchScreen_Generation = YES;
				INFOPLIST_KEY_UISupportedInterfaceOrientations_iPad = "UIInterfaceOrientationPortrait UIInterfaceOrientationPortraitUpsideDown UIInterfaceOrientationLandscapeLeft UIInterfaceOrientationLandscapeRight";
				INFOPLIST_KEY_UISupportedInterfaceOrientations_iPhone = "UIInterfaceOrientationPortrait UIInterfaceOrientationLandscapeLeft UIInterfaceOrientationLandscapeRight";
				LD_RUNPATH_SEARCH_PATHS = (
					"$(inherited)",
					"@executable_path/Frameworks",
				);
				MARKETING_VERSION = 1.0;
				PRODUCT_BUNDLE_IDENTIFIER = com.cosine.kidomo;
				PRODUCT_NAME = "$(TARGET_NAME)";
				SWIFT_EMIT_LOC_STRINGS = YES;
				SWIFT_VERSION = 5.0;
				TARGETED_DEVICE_FAMILY = "1,2";
			};
			name = Release;
		};
/* End XCBuildConfiguration section */

/* Begin XCConfigurationList section */
		ED08E1362C08789000267A47 /* Build configuration list for PBXProject "kidomo" */ = {
			isa = XCConfigurationList;
			buildConfigurations = (
				ED08E1472C08789100267A47 /* Debug */,
				ED08E1482C08789100267A47 /* Release */,
			);
			defaultConfigurationIsVisible = 0;
			defaultConfigurationName = Release;
		};
		ED08E1492C08789100267A47 /* Build configuration list for PBXNativeTarget "kidomo" */ = {
			isa = XCConfigurationList;
			buildConfigurations = (
				ED08E14A2C08789100267A47 /* Debug */,
				ED08E14B2C08789100267A47 /* Release */,
			);
			defaultConfigurationIsVisible = 0;
			defaultConfigurationName = Release;
		};
/* End XCConfigurationList section */

/* Begin XCRemoteSwiftPackageReference section */
		ED3601AD2C09BCBB00FF86C4 /* XCRemoteSwiftPackageReference "firebase-ios-sdk" */ = {
			isa = XCRemoteSwiftPackageReference;
			repositoryURL = "https://github.com/firebase/firebase-ios-sdk";
			requirement = {
				kind = upToNextMajorVersion;
				minimumVersion = 10.27.0;
			};
		};
/* End XCRemoteSwiftPackageReference section */

/* Begin XCSwiftPackageProductDependency section */
		ED3601AE2C09BCBB00FF86C4 /* FirebaseMessaging */ = {
			isa = XCSwiftPackageProductDependency;
			package = ED3601AD2C09BCBB00FF86C4 /* XCRemoteSwiftPackageReference "firebase-ios-sdk" */;
			productName = FirebaseMessaging;
		};
/* End XCSwiftPackageProductDependency section */
	};
	rootObject = ED08E1332C08789000267A47 /* Project object */;
}
